
Microsoft Visual Studio Solution File, Format Version 12.00
Project("{FAE04EC0-301F-11D3-BF4B-00C04F79EFBC}") = "source", "source\source.csproj", "{BE05F2FC-E6D7-4DF1-A5E9-D3D2E821EA5A}"
EndProject
Project("{FAE04EC0-301F-11D3-BF4B-00C04F79EFBC}") = "UnitTestProject", "UnitTestProject\UnitTestProject.csproj", "{B2CB0639-34BE-47CC-9CD0-9FDB09C09E12}"
EndProject
Project("{FAE04EC0-301F-11D3-BF4B-00C04F79EFBC}") = "AkkaSb.net", "AkkaSb.net\AkkaSb.net.csproj", "{304FEA28-7C45-4402-8CA7-ACD34BB381A9}"
EndProject
Project("{FAE04EC0-301F-11D3-BF4B-00C04F79EFBC}") = "HtmAkkaHost", "HtmAkkaHost\HtmAkkaHost.csproj", "{2C1287C4-C279-4551-A7A6-11BA48B8960D}"
EndProject
Global
	GlobalSection(SolutionConfigurationPlatforms) = preSolution
		Debug|Any CPU = Debug|Any CPU
		Release|Any CPU = Release|Any CPU
	EndGlobalSection
	GlobalSection(ProjectConfigurationPlatforms) = postSolution
		{BE05F2FC-E6D7-4DF1-A5E9-D3D2E821EA5A}.Debug|Any CPU.ActiveCfg = Debug|Any CPU
		{BE05F2FC-E6D7-4DF1-A5E9-D3D2E821EA5A}.Debug|Any CPU.Build.0 = Debug|Any CPU
		{BE05F2FC-E6D7-4DF1-A5E9-D3D2E821EA5A}.Release|Any CPU.ActiveCfg = Release|Any CPU
		{BE05F2FC-E6D7-4DF1-A5E9-D3D2E821EA5A}.Release|Any CPU.Build.0 = Release|Any CPU
		{B2CB0639-34BE-47CC-9CD0-9FDB09C09E12}.Debug|Any CPU.ActiveCfg = Debug|Any CPU
		{B2CB0639-34BE-47CC-9CD0-9FDB09C09E12}.Debug|Any CPU.Build.0 = Debug|Any CPU
		{B2CB0639-34BE-47CC-9CD0-9FDB09C09E12}.Release|Any CPU.ActiveCfg = Release|Any CPU
		{B2CB0639-34BE-47CC-9CD0-9FDB09C09E12}.Release|Any CPU.Build.0 = Release|Any CPU
		{304FEA28-7C45-4402-8CA7-ACD34BB381A9}.Debug|Any CPU.ActiveCfg = Debug|Any CPU
		{304FEA28-7C45-4402-8CA7-ACD34BB381A9}.Debug|Any CPU.Build.0 = Debug|Any CPU
		{304FEA28-7C45-4402-8CA7-ACD34BB381A9}.Release|Any CPU.ActiveCfg = Release|Any CPU
		{304FEA28-7C45-4402-8CA7-ACD34BB381A9}.Release|Any CPU.Build.0 = Release|Any CPU
		{2C1287C4-C279-4551-A7A6-11BA48B8960D}.Debug|Any CPU.ActiveCfg = Debug|Any CPU
		{2C1287C4-C279-4551-A7A6-11BA48B8960D}.Debug|Any CPU.Build.0 = Debug|Any CPU
		{2C1287C4-C279-4551-A7A6-11BA48B8960D}.Release|Any CPU.ActiveCfg = Release|Any CPU
		{2C1287C4-C279-4551-A7A6-11BA48B8960D}.Release|Any CPU.Build.0 = Release|Any CPU
	EndGlobalSection
EndGlobal
